
Microsoft Visual Studio Solution File, Format Version 12.00
# Visual Studio Version 17
VisualStudioVersion = 17.7.34031.279
MinimumVisualStudioVersion = 10.0.40219.1
Project("{2150E333-8FDC-42A3-9474-1A3956D46DE8}") = "src", "src", "{520E15BA-C622-4E04-921B-4621AE0BFC2B}"
EndProject
Project("{2150E333-8FDC-42A3-9474-1A3956D46DE8}") = "tests", "tests", "{B4BBC8F0-2B52-4DF1-85C9-E2185A015566}"
EndProject
Project("{2150E333-8FDC-42A3-9474-1A3956D46DE8}") = "app", "app", "{4B10171B-3E74-49BC-8603-6F2439E640DA}"
EndProject
Project("{2150E333-8FDC-42A3-9474-1A3956D46DE8}") = "api", "api", "{8612C59E-461B-45EE-BAA9-B73A88D4EB31}"
EndProject
Project("{2150E333-8FDC-42A3-9474-1A3956D46DE8}") = "auth", "auth", "{E1C5F9E5-B5EA-4DAB-A34B-C49EB40D539C}"
EndProject
Project("{9A19103F-16F7-4668-BE54-9A1E7A4F7556}") = "Rpg.Shared", "src\Rpg.Shared\Rpg.Shared.csproj", "{5DC0E566-E793-4FC1-986C-CF481BD8C24A}"
EndProject
Project("{9A19103F-16F7-4668-BE54-9A1E7A4F7556}") = "Rpg.Infra", "src\Rpg.Infra\Rpg.Infra.csproj", "{D0C54A17-89EE-47A9-AA05-5C4B01011EFB}"
EndProject
Project("{9A19103F-16F7-4668-BE54-9A1E7A4F7556}") = "Rpg.Domain", "src\Rpg.Domain\Rpg.Domain.csproj", "{4B76C3E4-9C44-4D7E-B73B-5E5885982CBF}"
EndProject
Project("{9A19103F-16F7-4668-BE54-9A1E7A4F7556}") = "Rpg.Core", "src\Rpg.Core\Rpg.Core.csproj", "{4928F42E-7F3D-4B9B-97B9-8914AAD3D9B7}"
EndProject
Project("{9A19103F-16F7-4668-BE54-9A1E7A4F7556}") = "Rpg.Api", "src\Api\Rpg.Api\Rpg.Api.csproj", "{604F871C-FF27-41DC-A432-C44EE07A3F4F}"
EndProject
Project("{9A19103F-16F7-4668-BE54-9A1E7A4F7556}") = "Rpg.Account", "src\Auth\Rpg.Account\Rpg.Account.csproj", "{35EC8AF6-294E-40D1-A19F-146F7F970447}"
EndProject
Project("{9A19103F-16F7-4668-BE54-9A1E7A4F7556}") = "Rpg.App.Web.Server", "src\App\Rpg.App.Web.Server\Rpg.App.Web.Server.csproj", "{DCA3E175-6AE6-42AC-86C0-1E1FC89EC634}"
EndProject
Project("{9A19103F-16F7-4668-BE54-9A1E7A4F7556}") = "Rpg.App.Web.Client", "src\App\Rpg.App.Web.Client\Rpg.App.Web.Client.csproj", "{9A7488BB-3E34-402C-B02A-ADCCF5AB056A}"
EndProject
Project("{9A19103F-16F7-4668-BE54-9A1E7A4F7556}") = "Rpg.Test", "tests\Rpg.Test\Rpg.Test.csproj", "{9FAB09B6-D08E-4826-B446-BE74BA39B46D}"
EndProject
Global
	GlobalSection(SolutionConfigurationPlatforms) = preSolution
		Debug|Any CPU = Debug|Any CPU
		Release|Any CPU = Release|Any CPU
	EndGlobalSection
	GlobalSection(ProjectConfigurationPlatforms) = postSolution
		{5DC0E566-E793-4FC1-986C-CF481BD8C24A}.Debug|Any CPU.ActiveCfg = Debug|Any CPU
		{5DC0E566-E793-4FC1-986C-CF481BD8C24A}.Debug|Any CPU.Build.0 = Debug|Any CPU
		{5DC0E566-E793-4FC1-986C-CF481BD8C24A}.Release|Any CPU.ActiveCfg = Release|Any CPU
		{5DC0E566-E793-4FC1-986C-CF481BD8C24A}.Release|Any CPU.Build.0 = Release|Any CPU
		{D0C54A17-89EE-47A9-AA05-5C4B01011EFB}.Debug|Any CPU.ActiveCfg = Debug|Any CPU
		{D0C54A17-89EE-47A9-AA05-5C4B01011EFB}.Debug|Any CPU.Build.0 = Debug|Any CPU
		{D0C54A17-89EE-47A9-AA05-5C4B01011EFB}.Release|Any CPU.ActiveCfg = Release|Any CPU
		{D0C54A17-89EE-47A9-AA05-5C4B01011EFB}.Release|Any CPU.Build.0 = Release|Any CPU
		{4B76C3E4-9C44-4D7E-B73B-5E5885982CBF}.Debug|Any CPU.ActiveCfg = Debug|Any CPU
		{4B76C3E4-9C44-4D7E-B73B-5E5885982CBF}.Debug|Any CPU.Build.0 = Debug|Any CPU
		{4B76C3E4-9C44-4D7E-B73B-5E5885982CBF}.Release|Any CPU.ActiveCfg = Release|Any CPU
		{4B76C3E4-9C44-4D7E-B73B-5E5885982CBF}.Release|Any CPU.Build.0 = Release|Any CPU
		{4928F42E-7F3D-4B9B-97B9-8914AAD3D9B7}.Debug|Any CPU.ActiveCfg = Debug|Any CPU
		{4928F42E-7F3D-4B9B-97B9-8914AAD3D9B7}.Debug|Any CPU.Build.0 = Debug|Any CPU
		{4928F42E-7F3D-4B9B-97B9-8914AAD3D9B7}.Release|Any CPU.ActiveCfg = Release|Any CPU
		{4928F42E-7F3D-4B9B-97B9-8914AAD3D9B7}.Release|Any CPU.Build.0 = Release|Any CPU
		{604F871C-FF27-41DC-A432-C44EE07A3F4F}.Debug|Any CPU.ActiveCfg = Debug|Any CPU
		{604F871C-FF27-41DC-A432-C44EE07A3F4F}.Debug|Any CPU.Build.0 = Debug|Any CPU
		{604F871C-FF27-41DC-A432-C44EE07A3F4F}.Release|Any CPU.ActiveCfg = Release|Any CPU
		{604F871C-FF27-41DC-A432-C44EE07A3F4F}.Release|Any CPU.Build.0 = Release|Any CPU
		{35EC8AF6-294E-40D1-A19F-146F7F970447}.Debug|Any CPU.ActiveCfg = Debug|Any CPU
		{35EC8AF6-294E-40D1-A19F-146F7F970447}.Debug|Any CPU.Build.0 = Debug|Any CPU
		{35EC8AF6-294E-40D1-A19F-146F7F970447}.Release|Any CPU.ActiveCfg = Release|Any CPU
		{35EC8AF6-294E-40D1-A19F-146F7F970447}.Release|Any CPU.Build.0 = Release|Any CPU
		{DCA3E175-6AE6-42AC-86C0-1E1FC89EC634}.Debug|Any CPU.ActiveCfg = Debug|Any CPU
		{DCA3E175-6AE6-42AC-86C0-1E1FC89EC634}.Debug|Any CPU.Build.0 = Debug|Any CPU
		{DCA3E175-6AE6-42AC-86C0-1E1FC89EC634}.Release|Any CPU.ActiveCfg = Release|Any CPU
		{DCA3E175-6AE6-42AC-86C0-1E1FC89EC634}.Release|Any CPU.Build.0 = Release|Any CPU
		{9A7488BB-3E34-402C-B02A-ADCCF5AB056A}.Debug|Any CPU.ActiveCfg = Debug|Any CPU
		{9A7488BB-3E34-402C-B02A-ADCCF5AB056A}.Debug|Any CPU.Build.0 = Debug|Any CPU
		{9A7488BB-3E34-402C-B02A-ADCCF5AB056A}.Release|Any CPU.ActiveCfg = Release|Any CPU
		{9A7488BB-3E34-402C-B02A-ADCCF5AB056A}.Release|Any CPU.Build.0 = Release|Any CPU
		{9FAB09B6-D08E-4826-B446-BE74BA39B46D}.Debug|Any CPU.ActiveCfg = Debug|Any CPU
		{9FAB09B6-D08E-4826-B446-BE74BA39B46D}.Debug|Any CPU.Build.0 = Debug|Any CPU
		{9FAB09B6-D08E-4826-B446-BE74BA39B46D}.Release|Any CPU.ActiveCfg = Release|Any CPU
		{9FAB09B6-D08E-4826-B446-BE74BA39B46D}.Release|Any CPU.Build.0 = Release|Any CPU
	EndGlobalSection
	GlobalSection(SolutionProperties) = preSolution
		HideSolutionNode = FALSE
	EndGlobalSection
	GlobalSection(NestedProjects) = preSolution
		{4B10171B-3E74-49BC-8603-6F2439E640DA} = {520E15BA-C622-4E04-921B-4621AE0BFC2B}
		{8612C59E-461B-45EE-BAA9-B73A88D4EB31} = {520E15BA-C622-4E04-921B-4621AE0BFC2B}
		{E1C5F9E5-B5EA-4DAB-A34B-C49EB40D539C} = {520E15BA-C622-4E04-921B-4621AE0BFC2B}
		{5DC0E566-E793-4FC1-986C-CF481BD8C24A} = {520E15BA-C622-4E04-921B-4621AE0BFC2B}
		{D0C54A17-89EE-47A9-AA05-5C4B01011EFB} = {520E15BA-C622-4E04-921B-4621AE0BFC2B}
		{4B76C3E4-9C44-4D7E-B73B-5E5885982CBF} = {520E15BA-C622-4E04-921B-4621AE0BFC2B}
		{4928F42E-7F3D-4B9B-97B9-8914AAD3D9B7} = {520E15BA-C622-4E04-921B-4621AE0BFC2B}
		{604F871C-FF27-41DC-A432-C44EE07A3F4F} = {8612C59E-461B-45EE-BAA9-B73A88D4EB31}
		{35EC8AF6-294E-40D1-A19F-146F7F970447} = {E1C5F9E5-B5EA-4DAB-A34B-C49EB40D539C}
		{DCA3E175-6AE6-42AC-86C0-1E1FC89EC634} = {4B10171B-3E74-49BC-8603-6F2439E640DA}
		{9A7488BB-3E34-402C-B02A-ADCCF5AB056A} = {4B10171B-3E74-49BC-8603-6F2439E640DA}
		{9FAB09B6-D08E-4826-B446-BE74BA39B46D} = {B4BBC8F0-2B52-4DF1-85C9-E2185A015566}
	EndGlobalSection
	GlobalSection(ExtensibilityGlobals) = postSolution
		SolutionGuid = {DC167BEA-D5D0-47FD-AF41-AC586F904616}
	EndGlobalSection
EndGlobal
