
Microsoft Visual Studio Solution File, Format Version 12.00
# Visual Studio Version 17
VisualStudioVersion = 17.7.34031.279
MinimumVisualStudioVersion = 10.0.40219.1
Project("{2150E333-8FDC-42A3-9474-1A3956D46DE8}") = "src", "src", "{520E15BA-C622-4E04-921B-4621AE0BFC2B}"
EndProject
Project("{2150E333-8FDC-42A3-9474-1A3956D46DE8}") = "tests", "tests", "{B4BBC8F0-2B52-4DF1-85C9-E2185A015566}"
EndProject
Project("{9A19103F-16F7-4668-BE54-9A1E7A4F7556}") = "Rpg.Core", "src\Cadof.Core\Rpg.Core.csproj", "{860B6448-1335-4DDC-9CBD-4F4EA7D37B26}"
EndProject
Project("{9A19103F-16F7-4668-BE54-9A1E7A4F7556}") = "Rpg.Shared", "src\Cadof.Shared\Rpg.Shared.csproj", "{139962CD-71AC-416B-BB83-15120E43AF4A}"
EndProject
Project("{9A19103F-16F7-4668-BE54-9A1E7A4F7556}") = "Rpg.Domain", "src\Cadof.Domain\Rpg.Domain.csproj", "{5C8D7BA0-1BA6-434A-8BFD-F797659BFBD5}"
EndProject
Project("{9A19103F-16F7-4668-BE54-9A1E7A4F7556}") = "Rpg.Infra", "src\Cadof.Infra\Rpg.Infra.csproj", "{CECAA829-D7FC-4B2F-B0DF-E8BAB59E2F69}"
EndProject
Project("{9A19103F-16F7-4668-BE54-9A1E7A4F7556}") = "Cadof.Test", "tests\TestProject1\Cadof.Test.csproj", "{B1C70BCD-908B-42EE-8964-3A0714281E56}"
EndProject
Project("{2150E333-8FDC-42A3-9474-1A3956D46DE8}") = "app", "app", "{4B10171B-3E74-49BC-8603-6F2439E640DA}"
EndProject
Project("{2150E333-8FDC-42A3-9474-1A3956D46DE8}") = "api", "api", "{8612C59E-461B-45EE-BAA9-B73A88D4EB31}"
EndProject
Project("{9A19103F-16F7-4668-BE54-9A1E7A4F7556}") = "Rpg.Api", "src\Api\Cadof.Api\Rpg.Api.csproj", "{7004947D-C462-4122-8420-11075399C5D4}"
EndProject
Project("{9A19103F-16F7-4668-BE54-9A1E7A4F7556}") = "Rpg.App.Shared", "src\App\Cadof.App.Shared\Rpg.App.Shared.csproj", "{B14AF6DD-E08B-4AA6-92C4-93050A789C91}"
EndProject
Project("{FAE04EC0-301F-11D3-BF4B-00C04F79EFBC}") = "Rpg.App.Web", "src\App\Rpg.App.Web\Rpg.App.Web\Rpg.App.Web.csproj", "{DD85485D-61E0-42DB-A53E-5BB4DC5FF0A4}"
EndProject
Project("{FAE04EC0-301F-11D3-BF4B-00C04F79EFBC}") = "Rpg.App.Web.Client", "src\App\Rpg.App.Web\Rpg.App.Web.Client\Rpg.App.Web.Client.csproj", "{E32D9DE6-D505-4656-9799-218CC4B7EC30}"
EndProject
Project("{2150E333-8FDC-42A3-9474-1A3956D46DE8}") = "auth", "auth", "{E1C5F9E5-B5EA-4DAB-A34B-C49EB40D539C}"
EndProject
Project("{FAE04EC0-301F-11D3-BF4B-00C04F79EFBC}") = "Rpg.Account.Api", "src\Auth\Rpg.Account.Api\Rpg.Account.Api.csproj", "{0F1250B2-140E-44BE-84DF-E62A187FE0BA}"
EndProject
Global
	GlobalSection(SolutionConfigurationPlatforms) = preSolution
		Debug|Any CPU = Debug|Any CPU
		Release|Any CPU = Release|Any CPU
	EndGlobalSection
	GlobalSection(ProjectConfigurationPlatforms) = postSolution
		{860B6448-1335-4DDC-9CBD-4F4EA7D37B26}.Debug|Any CPU.ActiveCfg = Debug|Any CPU
		{860B6448-1335-4DDC-9CBD-4F4EA7D37B26}.Debug|Any CPU.Build.0 = Debug|Any CPU
		{860B6448-1335-4DDC-9CBD-4F4EA7D37B26}.Release|Any CPU.ActiveCfg = Release|Any CPU
		{860B6448-1335-4DDC-9CBD-4F4EA7D37B26}.Release|Any CPU.Build.0 = Release|Any CPU
		{139962CD-71AC-416B-BB83-15120E43AF4A}.Debug|Any CPU.ActiveCfg = Debug|Any CPU
		{139962CD-71AC-416B-BB83-15120E43AF4A}.Debug|Any CPU.Build.0 = Debug|Any CPU
		{139962CD-71AC-416B-BB83-15120E43AF4A}.Release|Any CPU.ActiveCfg = Release|Any CPU
		{139962CD-71AC-416B-BB83-15120E43AF4A}.Release|Any CPU.Build.0 = Release|Any CPU
		{5C8D7BA0-1BA6-434A-8BFD-F797659BFBD5}.Debug|Any CPU.ActiveCfg = Debug|Any CPU
		{5C8D7BA0-1BA6-434A-8BFD-F797659BFBD5}.Debug|Any CPU.Build.0 = Debug|Any CPU
		{5C8D7BA0-1BA6-434A-8BFD-F797659BFBD5}.Release|Any CPU.ActiveCfg = Release|Any CPU
		{5C8D7BA0-1BA6-434A-8BFD-F797659BFBD5}.Release|Any CPU.Build.0 = Release|Any CPU
		{CECAA829-D7FC-4B2F-B0DF-E8BAB59E2F69}.Debug|Any CPU.ActiveCfg = Debug|Any CPU
		{CECAA829-D7FC-4B2F-B0DF-E8BAB59E2F69}.Debug|Any CPU.Build.0 = Debug|Any CPU
		{CECAA829-D7FC-4B2F-B0DF-E8BAB59E2F69}.Release|Any CPU.ActiveCfg = Release|Any CPU
		{CECAA829-D7FC-4B2F-B0DF-E8BAB59E2F69}.Release|Any CPU.Build.0 = Release|Any CPU
		{B1C70BCD-908B-42EE-8964-3A0714281E56}.Debug|Any CPU.ActiveCfg = Debug|Any CPU
		{B1C70BCD-908B-42EE-8964-3A0714281E56}.Debug|Any CPU.Build.0 = Debug|Any CPU
		{B1C70BCD-908B-42EE-8964-3A0714281E56}.Release|Any CPU.ActiveCfg = Release|Any CPU
		{B1C70BCD-908B-42EE-8964-3A0714281E56}.Release|Any CPU.Build.0 = Release|Any CPU
		{7004947D-C462-4122-8420-11075399C5D4}.Debug|Any CPU.ActiveCfg = Debug|Any CPU
		{7004947D-C462-4122-8420-11075399C5D4}.Debug|Any CPU.Build.0 = Debug|Any CPU
		{7004947D-C462-4122-8420-11075399C5D4}.Release|Any CPU.ActiveCfg = Release|Any CPU
		{7004947D-C462-4122-8420-11075399C5D4}.Release|Any CPU.Build.0 = Release|Any CPU
		{B14AF6DD-E08B-4AA6-92C4-93050A789C91}.Debug|Any CPU.ActiveCfg = Debug|Any CPU
		{B14AF6DD-E08B-4AA6-92C4-93050A789C91}.Debug|Any CPU.Build.0 = Debug|Any CPU
		{B14AF6DD-E08B-4AA6-92C4-93050A789C91}.Release|Any CPU.ActiveCfg = Release|Any CPU
		{B14AF6DD-E08B-4AA6-92C4-93050A789C91}.Release|Any CPU.Build.0 = Release|Any CPU
		{DD85485D-61E0-42DB-A53E-5BB4DC5FF0A4}.Debug|Any CPU.ActiveCfg = Debug|Any CPU
		{DD85485D-61E0-42DB-A53E-5BB4DC5FF0A4}.Debug|Any CPU.Build.0 = Debug|Any CPU
		{DD85485D-61E0-42DB-A53E-5BB4DC5FF0A4}.Release|Any CPU.ActiveCfg = Release|Any CPU
		{DD85485D-61E0-42DB-A53E-5BB4DC5FF0A4}.Release|Any CPU.Build.0 = Release|Any CPU
		{E32D9DE6-D505-4656-9799-218CC4B7EC30}.Debug|Any CPU.ActiveCfg = Debug|Any CPU
		{E32D9DE6-D505-4656-9799-218CC4B7EC30}.Debug|Any CPU.Build.0 = Debug|Any CPU
		{E32D9DE6-D505-4656-9799-218CC4B7EC30}.Release|Any CPU.ActiveCfg = Release|Any CPU
		{E32D9DE6-D505-4656-9799-218CC4B7EC30}.Release|Any CPU.Build.0 = Release|Any CPU
		{0F1250B2-140E-44BE-84DF-E62A187FE0BA}.Debug|Any CPU.ActiveCfg = Debug|Any CPU
		{0F1250B2-140E-44BE-84DF-E62A187FE0BA}.Debug|Any CPU.Build.0 = Debug|Any CPU
		{0F1250B2-140E-44BE-84DF-E62A187FE0BA}.Release|Any CPU.ActiveCfg = Release|Any CPU
		{0F1250B2-140E-44BE-84DF-E62A187FE0BA}.Release|Any CPU.Build.0 = Release|Any CPU
	EndGlobalSection
	GlobalSection(SolutionProperties) = preSolution
		HideSolutionNode = FALSE
	EndGlobalSection
	GlobalSection(NestedProjects) = preSolution
		{860B6448-1335-4DDC-9CBD-4F4EA7D37B26} = {520E15BA-C622-4E04-921B-4621AE0BFC2B}
		{139962CD-71AC-416B-BB83-15120E43AF4A} = {520E15BA-C622-4E04-921B-4621AE0BFC2B}
		{5C8D7BA0-1BA6-434A-8BFD-F797659BFBD5} = {520E15BA-C622-4E04-921B-4621AE0BFC2B}
		{CECAA829-D7FC-4B2F-B0DF-E8BAB59E2F69} = {520E15BA-C622-4E04-921B-4621AE0BFC2B}
		{B1C70BCD-908B-42EE-8964-3A0714281E56} = {B4BBC8F0-2B52-4DF1-85C9-E2185A015566}
		{4B10171B-3E74-49BC-8603-6F2439E640DA} = {520E15BA-C622-4E04-921B-4621AE0BFC2B}
		{8612C59E-461B-45EE-BAA9-B73A88D4EB31} = {520E15BA-C622-4E04-921B-4621AE0BFC2B}
		{7004947D-C462-4122-8420-11075399C5D4} = {8612C59E-461B-45EE-BAA9-B73A88D4EB31}
		{B14AF6DD-E08B-4AA6-92C4-93050A789C91} = {4B10171B-3E74-49BC-8603-6F2439E640DA}
		{DD85485D-61E0-42DB-A53E-5BB4DC5FF0A4} = {4B10171B-3E74-49BC-8603-6F2439E640DA}
		{E32D9DE6-D505-4656-9799-218CC4B7EC30} = {4B10171B-3E74-49BC-8603-6F2439E640DA}
		{E1C5F9E5-B5EA-4DAB-A34B-C49EB40D539C} = {520E15BA-C622-4E04-921B-4621AE0BFC2B}
		{0F1250B2-140E-44BE-84DF-E62A187FE0BA} = {E1C5F9E5-B5EA-4DAB-A34B-C49EB40D539C}
	EndGlobalSection
	GlobalSection(ExtensibilityGlobals) = postSolution
		SolutionGuid = {DC167BEA-D5D0-47FD-AF41-AC586F904616}
	EndGlobalSection
EndGlobal
